
Microsoft Visual Studio Solution File, Format Version 12.00
# Visual Studio Version 18
VisualStudioVersion = 18.0.11201.2
MinimumVisualStudioVersion = 10.0.40219.1
Project("{2150E333-8FDC-42A3-9474-1A3956D46DE8}") = "src", "src", "{827E0CD3-B72D-47B6-A68D-7590B98EB39B}"
EndProject
Project("{FAE04EC0-301F-11D3-BF4B-00C04F79EFBC}") = "RSM.Socar.CRM.Application", "src\RSM.Socar.CRM.Application\RSM.Socar.CRM.Application.csproj", "{D982AE46-539D-4EB1-BDCB-23924FD748A9}"
EndProject
Project("{FAE04EC0-301F-11D3-BF4B-00C04F79EFBC}") = "RSM.Socar.CRM.Domain", "src\RSM.Socar.CRM.Domain\RSM.Socar.CRM.Domain.csproj", "{231B3C2A-4DF4-40DE-99C9-E7D2FBC35EBC}"
EndProject
Project("{FAE04EC0-301F-11D3-BF4B-00C04F79EFBC}") = "RSM.Socar.CRM.Infrastructure", "src\RSM.Socar.CRM.Infrastructure\RSM.Socar.CRM.Infrastructure.csproj", "{C9C40360-1028-4E9D-8E0E-004D64FD3A9C}"
EndProject
Project("{FAE04EC0-301F-11D3-BF4B-00C04F79EFBC}") = "RSM.Socar.CRM.Web", "src\RSM.Socar.CRM.Web\RSM.Socar.CRM.Web.csproj", "{2F84E02B-E2D4-4F72-938F-7F1B6A959388}"
EndProject
Project("{2150E333-8FDC-42A3-9474-1A3956D46DE8}") = "tests", "tests", "{0AB3BF05-4346-4AA6-1389-037BE0695223}"
EndProject
Project("{FAE04EC0-301F-11D3-BF4B-00C04F79EFBC}") = "RSM.Socar.CRM.IntegrationTests", "tests\RSM.Socar.CRM.IntegrationTests\RSM.Socar.CRM.IntegrationTests.csproj", "{FC7C81FF-6857-4BBA-A388-C9CFBD492E43}"
EndProject
Project("{FAE04EC0-301F-11D3-BF4B-00C04F79EFBC}") = "RSM.Socar.CRM.UnitTests", "tests\RSM.Socar.CRM.UnitTests\RSM.Socar.CRM.UnitTests.csproj", "{21F75ABC-5C85-414D-A809-ED93D1261C97}"
EndProject
Project("{FAE04EC0-301F-11D3-BF4B-00C04F79EFBC}") = "RSM.Socar.CRM.AppHost", "src\RSM.Socar.CRM.AppHost\RSM.Socar.CRM.AppHost.csproj", "{86E88576-7640-4B16-A3A6-C5FE1007794A}"
EndProject
Project("{FAE04EC0-301F-11D3-BF4B-00C04F79EFBC}") = "RSM.Socar.CRM.ServiceDefaults", "src\RSM.Socar.CRM.ServiceDefaults\RSM.Socar.CRM.ServiceDefaults.csproj", "{FE8E4457-F665-4907-8DC6-D7E48134EE2C}"
EndProject
Project("{E53339B2-1760-4266-BCC7-CA923CBCF16C}") = "docker-compose", "docker-compose.dcproj", "{81DDED9D-158B-E303-5F62-77A2896D2A5A}"
EndProject
Global
	GlobalSection(SolutionConfigurationPlatforms) = preSolution
		Debug|Any CPU = Debug|Any CPU
		Debug|x64 = Debug|x64
		Debug|x86 = Debug|x86
		Release|Any CPU = Release|Any CPU
		Release|x64 = Release|x64
		Release|x86 = Release|x86
	EndGlobalSection
	GlobalSection(ProjectConfigurationPlatforms) = postSolution
		{D982AE46-539D-4EB1-BDCB-23924FD748A9}.Debug|Any CPU.ActiveCfg = Debug|Any CPU
		{D982AE46-539D-4EB1-BDCB-23924FD748A9}.Debug|Any CPU.Build.0 = Debug|Any CPU
		{D982AE46-539D-4EB1-BDCB-23924FD748A9}.Debug|x64.ActiveCfg = Debug|Any CPU
		{D982AE46-539D-4EB1-BDCB-23924FD748A9}.Debug|x64.Build.0 = Debug|Any CPU
		{D982AE46-539D-4EB1-BDCB-23924FD748A9}.Debug|x86.ActiveCfg = Debug|Any CPU
		{D982AE46-539D-4EB1-BDCB-23924FD748A9}.Debug|x86.Build.0 = Debug|Any CPU
		{D982AE46-539D-4EB1-BDCB-23924FD748A9}.Release|Any CPU.ActiveCfg = Release|Any CPU
		{D982AE46-539D-4EB1-BDCB-23924FD748A9}.Release|Any CPU.Build.0 = Release|Any CPU
		{D982AE46-539D-4EB1-BDCB-23924FD748A9}.Release|x64.ActiveCfg = Release|Any CPU
		{D982AE46-539D-4EB1-BDCB-23924FD748A9}.Release|x64.Build.0 = Release|Any CPU
		{D982AE46-539D-4EB1-BDCB-23924FD748A9}.Release|x86.ActiveCfg = Release|Any CPU
		{D982AE46-539D-4EB1-BDCB-23924FD748A9}.Release|x86.Build.0 = Release|Any CPU
		{231B3C2A-4DF4-40DE-99C9-E7D2FBC35EBC}.Debug|Any CPU.ActiveCfg = Debug|Any CPU
		{231B3C2A-4DF4-40DE-99C9-E7D2FBC35EBC}.Debug|Any CPU.Build.0 = Debug|Any CPU
		{231B3C2A-4DF4-40DE-99C9-E7D2FBC35EBC}.Debug|x64.ActiveCfg = Debug|Any CPU
		{231B3C2A-4DF4-40DE-99C9-E7D2FBC35EBC}.Debug|x64.Build.0 = Debug|Any CPU
		{231B3C2A-4DF4-40DE-99C9-E7D2FBC35EBC}.Debug|x86.ActiveCfg = Debug|Any CPU
		{231B3C2A-4DF4-40DE-99C9-E7D2FBC35EBC}.Debug|x86.Build.0 = Debug|Any CPU
		{231B3C2A-4DF4-40DE-99C9-E7D2FBC35EBC}.Release|Any CPU.ActiveCfg = Release|Any CPU
		{231B3C2A-4DF4-40DE-99C9-E7D2FBC35EBC}.Release|Any CPU.Build.0 = Release|Any CPU
		{231B3C2A-4DF4-40DE-99C9-E7D2FBC35EBC}.Release|x64.ActiveCfg = Release|Any CPU
		{231B3C2A-4DF4-40DE-99C9-E7D2FBC35EBC}.Release|x64.Build.0 = Release|Any CPU
		{231B3C2A-4DF4-40DE-99C9-E7D2FBC35EBC}.Release|x86.ActiveCfg = Release|Any CPU
		{231B3C2A-4DF4-40DE-99C9-E7D2FBC35EBC}.Release|x86.Build.0 = Release|Any CPU
		{C9C40360-1028-4E9D-8E0E-004D64FD3A9C}.Debug|Any CPU.ActiveCfg = Debug|Any CPU
		{C9C40360-1028-4E9D-8E0E-004D64FD3A9C}.Debug|Any CPU.Build.0 = Debug|Any CPU
		{C9C40360-1028-4E9D-8E0E-004D64FD3A9C}.Debug|x64.ActiveCfg = Debug|Any CPU
		{C9C40360-1028-4E9D-8E0E-004D64FD3A9C}.Debug|x64.Build.0 = Debug|Any CPU
		{C9C40360-1028-4E9D-8E0E-004D64FD3A9C}.Debug|x86.ActiveCfg = Debug|Any CPU
		{C9C40360-1028-4E9D-8E0E-004D64FD3A9C}.Debug|x86.Build.0 = Debug|Any CPU
		{C9C40360-1028-4E9D-8E0E-004D64FD3A9C}.Release|Any CPU.ActiveCfg = Release|Any CPU
		{C9C40360-1028-4E9D-8E0E-004D64FD3A9C}.Release|Any CPU.Build.0 = Release|Any CPU
		{C9C40360-1028-4E9D-8E0E-004D64FD3A9C}.Release|x64.ActiveCfg = Release|Any CPU
		{C9C40360-1028-4E9D-8E0E-004D64FD3A9C}.Release|x64.Build.0 = Release|Any CPU
		{C9C40360-1028-4E9D-8E0E-004D64FD3A9C}.Release|x86.ActiveCfg = Release|Any CPU
		{C9C40360-1028-4E9D-8E0E-004D64FD3A9C}.Release|x86.Build.0 = Release|Any CPU
		{2F84E02B-E2D4-4F72-938F-7F1B6A959388}.Debug|Any CPU.ActiveCfg = Debug|Any CPU
		{2F84E02B-E2D4-4F72-938F-7F1B6A959388}.Debug|Any CPU.Build.0 = Debug|Any CPU
		{2F84E02B-E2D4-4F72-938F-7F1B6A959388}.Debug|x64.ActiveCfg = Debug|Any CPU
		{2F84E02B-E2D4-4F72-938F-7F1B6A959388}.Debug|x64.Build.0 = Debug|Any CPU
		{2F84E02B-E2D4-4F72-938F-7F1B6A959388}.Debug|x86.ActiveCfg = Debug|Any CPU
		{2F84E02B-E2D4-4F72-938F-7F1B6A959388}.Debug|x86.Build.0 = Debug|Any CPU
		{2F84E02B-E2D4-4F72-938F-7F1B6A959388}.Release|Any CPU.ActiveCfg = Release|Any CPU
		{2F84E02B-E2D4-4F72-938F-7F1B6A959388}.Release|Any CPU.Build.0 = Release|Any CPU
		{2F84E02B-E2D4-4F72-938F-7F1B6A959388}.Release|x64.ActiveCfg = Release|Any CPU
		{2F84E02B-E2D4-4F72-938F-7F1B6A959388}.Release|x64.Build.0 = Release|Any CPU
		{2F84E02B-E2D4-4F72-938F-7F1B6A959388}.Release|x86.ActiveCfg = Release|Any CPU
		{2F84E02B-E2D4-4F72-938F-7F1B6A959388}.Release|x86.Build.0 = Release|Any CPU
		{FC7C81FF-6857-4BBA-A388-C9CFBD492E43}.Debug|Any CPU.ActiveCfg = Debug|Any CPU
		{FC7C81FF-6857-4BBA-A388-C9CFBD492E43}.Debug|Any CPU.Build.0 = Debug|Any CPU
		{FC7C81FF-6857-4BBA-A388-C9CFBD492E43}.Debug|x64.ActiveCfg = Debug|Any CPU
		{FC7C81FF-6857-4BBA-A388-C9CFBD492E43}.Debug|x64.Build.0 = Debug|Any CPU
		{FC7C81FF-6857-4BBA-A388-C9CFBD492E43}.Debug|x86.ActiveCfg = Debug|Any CPU
		{FC7C81FF-6857-4BBA-A388-C9CFBD492E43}.Debug|x86.Build.0 = Debug|Any CPU
		{FC7C81FF-6857-4BBA-A388-C9CFBD492E43}.Release|Any CPU.ActiveCfg = Release|Any CPU
		{FC7C81FF-6857-4BBA-A388-C9CFBD492E43}.Release|Any CPU.Build.0 = Release|Any CPU
		{FC7C81FF-6857-4BBA-A388-C9CFBD492E43}.Release|x64.ActiveCfg = Release|Any CPU
		{FC7C81FF-6857-4BBA-A388-C9CFBD492E43}.Release|x64.Build.0 = Release|Any CPU
		{FC7C81FF-6857-4BBA-A388-C9CFBD492E43}.Release|x86.ActiveCfg = Release|Any CPU
		{FC7C81FF-6857-4BBA-A388-C9CFBD492E43}.Release|x86.Build.0 = Release|Any CPU
		{21F75ABC-5C85-414D-A809-ED93D1261C97}.Debug|Any CPU.ActiveCfg = Debug|Any CPU
		{21F75ABC-5C85-414D-A809-ED93D1261C97}.Debug|Any CPU.Build.0 = Debug|Any CPU
		{21F75ABC-5C85-414D-A809-ED93D1261C97}.Debug|x64.ActiveCfg = Debug|Any CPU
		{21F75ABC-5C85-414D-A809-ED93D1261C97}.Debug|x64.Build.0 = Debug|Any CPU
		{21F75ABC-5C85-414D-A809-ED93D1261C97}.Debug|x86.ActiveCfg = Debug|Any CPU
		{21F75ABC-5C85-414D-A809-ED93D1261C97}.Debug|x86.Build.0 = Debug|Any CPU
		{21F75ABC-5C85-414D-A809-ED93D1261C97}.Release|Any CPU.ActiveCfg = Release|Any CPU
		{21F75ABC-5C85-414D-A809-ED93D1261C97}.Release|Any CPU.Build.0 = Release|Any CPU
		{21F75ABC-5C85-414D-A809-ED93D1261C97}.Release|x64.ActiveCfg = Release|Any CPU
		{21F75ABC-5C85-414D-A809-ED93D1261C97}.Release|x64.Build.0 = Release|Any CPU
		{21F75ABC-5C85-414D-A809-ED93D1261C97}.Release|x86.ActiveCfg = Release|Any CPU
		{21F75ABC-5C85-414D-A809-ED93D1261C97}.Release|x86.Build.0 = Release|Any CPU
		{86E88576-7640-4B16-A3A6-C5FE1007794A}.Debug|Any CPU.ActiveCfg = Debug|Any CPU
		{86E88576-7640-4B16-A3A6-C5FE1007794A}.Debug|Any CPU.Build.0 = Debug|Any CPU
		{86E88576-7640-4B16-A3A6-C5FE1007794A}.Debug|x64.ActiveCfg = Debug|Any CPU
		{86E88576-7640-4B16-A3A6-C5FE1007794A}.Debug|x64.Build.0 = Debug|Any CPU
		{86E88576-7640-4B16-A3A6-C5FE1007794A}.Debug|x86.ActiveCfg = Debug|Any CPU
		{86E88576-7640-4B16-A3A6-C5FE1007794A}.Debug|x86.Build.0 = Debug|Any CPU
		{86E88576-7640-4B16-A3A6-C5FE1007794A}.Release|Any CPU.ActiveCfg = Release|Any CPU
		{86E88576-7640-4B16-A3A6-C5FE1007794A}.Release|Any CPU.Build.0 = Release|Any CPU
		{86E88576-7640-4B16-A3A6-C5FE1007794A}.Release|x64.ActiveCfg = Release|Any CPU
		{86E88576-7640-4B16-A3A6-C5FE1007794A}.Release|x64.Build.0 = Release|Any CPU
		{86E88576-7640-4B16-A3A6-C5FE1007794A}.Release|x86.ActiveCfg = Release|Any CPU
		{86E88576-7640-4B16-A3A6-C5FE1007794A}.Release|x86.Build.0 = Release|Any CPU
		{FE8E4457-F665-4907-8DC6-D7E48134EE2C}.Debug|Any CPU.ActiveCfg = Debug|Any CPU
		{FE8E4457-F665-4907-8DC6-D7E48134EE2C}.Debug|Any CPU.Build.0 = Debug|Any CPU
		{FE8E4457-F665-4907-8DC6-D7E48134EE2C}.Debug|x64.ActiveCfg = Debug|Any CPU
		{FE8E4457-F665-4907-8DC6-D7E48134EE2C}.Debug|x64.Build.0 = Debug|Any CPU
		{FE8E4457-F665-4907-8DC6-D7E48134EE2C}.Debug|x86.ActiveCfg = Debug|Any CPU
		{FE8E4457-F665-4907-8DC6-D7E48134EE2C}.Debug|x86.Build.0 = Debug|Any CPU
		{FE8E4457-F665-4907-8DC6-D7E48134EE2C}.Release|Any CPU.ActiveCfg = Release|Any CPU
		{FE8E4457-F665-4907-8DC6-D7E48134EE2C}.Release|Any CPU.Build.0 = Release|Any CPU
		{FE8E4457-F665-4907-8DC6-D7E48134EE2C}.Release|x64.ActiveCfg = Release|Any CPU
		{FE8E4457-F665-4907-8DC6-D7E48134EE2C}.Release|x64.Build.0 = Release|Any CPU
		{FE8E4457-F665-4907-8DC6-D7E48134EE2C}.Release|x86.ActiveCfg = Release|Any CPU
		{FE8E4457-F665-4907-8DC6-D7E48134EE2C}.Release|x86.Build.0 = Release|Any CPU
		{81DDED9D-158B-E303-5F62-77A2896D2A5A}.Debug|Any CPU.ActiveCfg = Debug|Any CPU
		{81DDED9D-158B-E303-5F62-77A2896D2A5A}.Debug|Any CPU.Build.0 = Debug|Any CPU
		{81DDED9D-158B-E303-5F62-77A2896D2A5A}.Debug|x64.ActiveCfg = Debug|Any CPU
		{81DDED9D-158B-E303-5F62-77A2896D2A5A}.Debug|x64.Build.0 = Debug|Any CPU
		{81DDED9D-158B-E303-5F62-77A2896D2A5A}.Debug|x86.ActiveCfg = Debug|Any CPU
		{81DDED9D-158B-E303-5F62-77A2896D2A5A}.Debug|x86.Build.0 = Debug|Any CPU
		{81DDED9D-158B-E303-5F62-77A2896D2A5A}.Release|Any CPU.ActiveCfg = Release|Any CPU
		{81DDED9D-158B-E303-5F62-77A2896D2A5A}.Release|Any CPU.Build.0 = Release|Any CPU
		{81DDED9D-158B-E303-5F62-77A2896D2A5A}.Release|x64.ActiveCfg = Release|Any CPU
		{81DDED9D-158B-E303-5F62-77A2896D2A5A}.Release|x64.Build.0 = Release|Any CPU
		{81DDED9D-158B-E303-5F62-77A2896D2A5A}.Release|x86.ActiveCfg = Release|Any CPU
		{81DDED9D-158B-E303-5F62-77A2896D2A5A}.Release|x86.Build.0 = Release|Any CPU
	EndGlobalSection
	GlobalSection(SolutionProperties) = preSolution
		HideSolutionNode = FALSE
	EndGlobalSection
	GlobalSection(NestedProjects) = preSolution
		{D982AE46-539D-4EB1-BDCB-23924FD748A9} = {827E0CD3-B72D-47B6-A68D-7590B98EB39B}
		{231B3C2A-4DF4-40DE-99C9-E7D2FBC35EBC} = {827E0CD3-B72D-47B6-A68D-7590B98EB39B}
		{C9C40360-1028-4E9D-8E0E-004D64FD3A9C} = {827E0CD3-B72D-47B6-A68D-7590B98EB39B}
		{2F84E02B-E2D4-4F72-938F-7F1B6A959388} = {827E0CD3-B72D-47B6-A68D-7590B98EB39B}
		{FC7C81FF-6857-4BBA-A388-C9CFBD492E43} = {0AB3BF05-4346-4AA6-1389-037BE0695223}
		{21F75ABC-5C85-414D-A809-ED93D1261C97} = {0AB3BF05-4346-4AA6-1389-037BE0695223}
		{86E88576-7640-4B16-A3A6-C5FE1007794A} = {827E0CD3-B72D-47B6-A68D-7590B98EB39B}
		{FE8E4457-F665-4907-8DC6-D7E48134EE2C} = {827E0CD3-B72D-47B6-A68D-7590B98EB39B}
	EndGlobalSection
	GlobalSection(ExtensibilityGlobals) = postSolution
		SolutionGuid = {1F8A8E4C-9761-4847-8012-5BFC299E14E8}
	EndGlobalSection
EndGlobal
